
Microsoft Visual Studio Solution File, Format Version 12.00
Project("{FAE04EC0-301F-11D3-BF4B-00C04F79EFBC}") = "EnumPostgresDotnet", "EnumPostgresDotnet\EnumPostgresDotnet.csproj", "{286063B2-ED0A-4ABB-8207-481A43F8895E}"
EndProject
Global
	GlobalSection(SolutionConfigurationPlatforms) = preSolution
		Debug|Any CPU = Debug|Any CPU
		Release|Any CPU = Release|Any CPU
	EndGlobalSection
	GlobalSection(ProjectConfigurationPlatforms) = postSolution
		{286063B2-ED0A-4ABB-8207-481A43F8895E}.Debug|Any CPU.ActiveCfg = Debug|Any CPU
		{286063B2-ED0A-4ABB-8207-481A43F8895E}.Debug|Any CPU.Build.0 = Debug|Any CPU
		{286063B2-ED0A-4ABB-8207-481A43F8895E}.Release|Any CPU.ActiveCfg = Release|Any CPU
		{286063B2-ED0A-4ABB-8207-481A43F8895E}.Release|Any CPU.Build.0 = Release|Any CPU
	EndGlobalSection
EndGlobal
